// !$*UTF8*$!
{
	archiveVersion = 1;
	classes = {
	};
	objectVersion = 56;
	objects = {

/* Begin PBXBuildFile section */
		3B3C902C2AC525870058BDDD /* CoreDataAndWidgetApp.swift in Sources */ = {isa = PBXBuildFile; fileRef = 3B3C902B2AC525870058BDDD /* CoreDataAndWidgetApp.swift */; };
		3B3C902E2AC525870058BDDD /* ContentView.swift in Sources */ = {isa = PBXBuildFile; fileRef = 3B3C902D2AC525870058BDDD /* ContentView.swift */; };
		3B3C90302AC525880058BDDD /* Assets.xcassets in Resources */ = {isa = PBXBuildFile; fileRef = 3B3C902F2AC525880058BDDD /* Assets.xcassets */; };
		3B3C90332AC525880058BDDD /* Preview Assets.xcassets in Resources */ = {isa = PBXBuildFile; fileRef = 3B3C90322AC525880058BDDD /* Preview Assets.xcassets */; };
		3B3C90402AC529C10058BDDD /* WidgetKit.framework in Frameworks */ = {isa = PBXBuildFile; fileRef = 3B3C903F2AC529C10058BDDD /* WidgetKit.framework */; };
		3B3C90422AC529C10058BDDD /* SwiftUI.framework in Frameworks */ = {isa = PBXBuildFile; fileRef = 3B3C90412AC529C10058BDDD /* SwiftUI.framework */; };
		3B3C90452AC529C10058BDDD /* CoredataAndWidgetExtensionBundle.swift in Sources */ = {isa = PBXBuildFile; fileRef = 3B3C90442AC529C10058BDDD /* CoredataAndWidgetExtensionBundle.swift */; };
		3B3C90472AC529C10058BDDD /* CoredataAndWidgetExtension.swift in Sources */ = {isa = PBXBuildFile; fileRef = 3B3C90462AC529C10058BDDD /* CoredataAndWidgetExtension.swift */; };
		3B3C90492AC529C20058BDDD /* Assets.xcassets in Resources */ = {isa = PBXBuildFile; fileRef = 3B3C90482AC529C20058BDDD /* Assets.xcassets */; };
		3B3C904D2AC529C20058BDDD /* CoredataAndWidgetExtensionExtension.appex in Embed Foundation Extensions */ = {isa = PBXBuildFile; fileRef = 3B3C903D2AC529C10058BDDD /* CoredataAndWidgetExtensionExtension.appex */; settings = {ATTRIBUTES = (RemoveHeadersOnCopy, ); }; };
		3B3C90552AC52CA20058BDDD /* Grocery.xcdatamodeld in Sources */ = {isa = PBXBuildFile; fileRef = 3B3C90532AC52CA20058BDDD /* Grocery.xcdatamodeld */; };
		3B3C90562AC52CA20058BDDD /* Grocery.xcdatamodeld in Sources */ = {isa = PBXBuildFile; fileRef = 3B3C90532AC52CA20058BDDD /* Grocery.xcdatamodeld */; };
		3B3C90582AC52E630058BDDD /* GroceryConstants.swift in Sources */ = {isa = PBXBuildFile; fileRef = 3B3C90572AC52E630058BDDD /* GroceryConstants.swift */; };
		3B3C905D2AC538650058BDDD /* Colors+Extensions.swift in Sources */ = {isa = PBXBuildFile; fileRef = 3B3C905C2AC538650058BDDD /* Colors+Extensions.swift */; };
		3B3C905E2AC538650058BDDD /* Colors+Extensions.swift in Sources */ = {isa = PBXBuildFile; fileRef = 3B3C905C2AC538650058BDDD /* Colors+Extensions.swift */; };
		3B3C90602AC53B920058BDDD /* CoreDataManager.swift in Sources */ = {isa = PBXBuildFile; fileRef = 3B3C905F2AC53B920058BDDD /* CoreDataManager.swift */; };
		3B3C90622AC53D350058BDDD /* CoreDataManager.swift in Sources */ = {isa = PBXBuildFile; fileRef = 3B3C905F2AC53B920058BDDD /* CoreDataManager.swift */; };
		3B3C90632AC53D500058BDDD /* GroceryConstants.swift in Sources */ = {isa = PBXBuildFile; fileRef = 3B3C90572AC52E630058BDDD /* GroceryConstants.swift */; };
		3B3C90652AC548670058BDDD /* GroceryView.swift in Sources */ = {isa = PBXBuildFile; fileRef = 3B3C90642AC548670058BDDD /* GroceryView.swift */; };
		3B3C90682AC5593C0058BDDD /* GroceryEntry.swift in Sources */ = {isa = PBXBuildFile; fileRef = 3B3C90672AC5593C0058BDDD /* GroceryEntry.swift */; };
		3B3C906A2AC55BC20058BDDD /* GeoceryEntryView.swift in Sources */ = {isa = PBXBuildFile; fileRef = 3B3C90692AC55BC20058BDDD /* GeoceryEntryView.swift */; };
		3B3C906C2AC560790058BDDD /* GroceryTimelineProvider.swift in Sources */ = {isa = PBXBuildFile; fileRef = 3B3C906B2AC560790058BDDD /* GroceryTimelineProvider.swift */; };
		3B3C906E2AC563E40058BDDD /* GroceryWidget.swift in Sources */ = {isa = PBXBuildFile; fileRef = 3B3C906D2AC563E40058BDDD /* GroceryWidget.swift */; };
/* End PBXBuildFile section */

/* Begin PBXContainerItemProxy section */
		3B3C904B2AC529C20058BDDD /* PBXContainerItemProxy */ = {
			isa = PBXContainerItemProxy;
			containerPortal = 3B3C90202AC525870058BDDD /* Project object */;
			proxyType = 1;
			remoteGlobalIDString = 3B3C903C2AC529C10058BDDD;
			remoteInfo = CoredataAndWidgetExtensionExtension;
		};
/* End PBXContainerItemProxy section */

/* Begin PBXCopyFilesBuildPhase section */
		3B3C904E2AC529C20058BDDD /* Embed Foundation Extensions */ = {
			isa = PBXCopyFilesBuildPhase;
			buildActionMask = 2147483647;
			dstPath = "";
			dstSubfolderSpec = 13;
			files = (
				3B3C904D2AC529C20058BDDD /* CoredataAndWidgetExtensionExtension.appex in Embed Foundation Extensions */,
			);
			name = "Embed Foundation Extensions";
			runOnlyForDeploymentPostprocessing = 0;
		};
/* End PBXCopyFilesBuildPhase section */

/* Begin PBXFileReference section */
		3B3C90282AC525870058BDDD /* CoreDataAndWidget.app */ = {isa = PBXFileReference; explicitFileType = wrapper.application; includeInIndex = 0; path = CoreDataAndWidget.app; sourceTree = BUILT_PRODUCTS_DIR; };
		3B3C902B2AC525870058BDDD /* CoreDataAndWidgetApp.swift */ = {isa = PBXFileReference; lastKnownFileType = sourcecode.swift; path = CoreDataAndWidgetApp.swift; sourceTree = "<group>"; };
		3B3C902D2AC525870058BDDD /* ContentView.swift */ = {isa = PBXFileReference; lastKnownFileType = sourcecode.swift; path = ContentView.swift; sourceTree = "<group>"; };
		3B3C902F2AC525880058BDDD /* Assets.xcassets */ = {isa = PBXFileReference; lastKnownFileType = folder.assetcatalog; path = Assets.xcassets; sourceTree = "<group>"; };
		3B3C90322AC525880058BDDD /* Preview Assets.xcassets */ = {isa = PBXFileReference; lastKnownFileType = folder.assetcatalog; path = "Preview Assets.xcassets"; sourceTree = "<group>"; };
		3B3C903D2AC529C10058BDDD /* CoredataAndWidgetExtensionExtension.appex */ = {isa = PBXFileReference; explicitFileType = "wrapper.app-extension"; includeInIndex = 0; path = CoredataAndWidgetExtensionExtension.appex; sourceTree = BUILT_PRODUCTS_DIR; };
		3B3C903F2AC529C10058BDDD /* WidgetKit.framework */ = {isa = PBXFileReference; lastKnownFileType = wrapper.framework; name = WidgetKit.framework; path = System/Library/Frameworks/WidgetKit.framework; sourceTree = SDKROOT; };
		3B3C90412AC529C10058BDDD /* SwiftUI.framework */ = {isa = PBXFileReference; lastKnownFileType = wrapper.framework; name = SwiftUI.framework; path = System/Library/Frameworks/SwiftUI.framework; sourceTree = SDKROOT; };
		3B3C90442AC529C10058BDDD /* CoredataAndWidgetExtensionBundle.swift */ = {isa = PBXFileReference; lastKnownFileType = sourcecode.swift; path = CoredataAndWidgetExtensionBundle.swift; sourceTree = "<group>"; };
		3B3C90462AC529C10058BDDD /* CoredataAndWidgetExtension.swift */ = {isa = PBXFileReference; lastKnownFileType = sourcecode.swift; path = CoredataAndWidgetExtension.swift; sourceTree = "<group>"; };
		3B3C90482AC529C20058BDDD /* Assets.xcassets */ = {isa = PBXFileReference; lastKnownFileType = folder.assetcatalog; path = Assets.xcassets; sourceTree = "<group>"; };
		3B3C904A2AC529C20058BDDD /* Info.plist */ = {isa = PBXFileReference; lastKnownFileType = text.plist.xml; path = Info.plist; sourceTree = "<group>"; };
		3B3C90542AC52CA20058BDDD /* Grocery.xcdatamodel */ = {isa = PBXFileReference; lastKnownFileType = wrapper.xcdatamodel; path = Grocery.xcdatamodel; sourceTree = "<group>"; };
		3B3C90572AC52E630058BDDD /* GroceryConstants.swift */ = {isa = PBXFileReference; lastKnownFileType = sourcecode.swift; path = GroceryConstants.swift; sourceTree = "<group>"; };
		3B3C905A2AC52EB80058BDDD /* CoreDataAndWidget.entitlements */ = {isa = PBXFileReference; lastKnownFileType = text.plist.entitlements; path = CoreDataAndWidget.entitlements; sourceTree = "<group>"; };
		3B3C905B2AC52EF40058BDDD /* CoredataAndWidgetExtensionExtension.entitlements */ = {isa = PBXFileReference; lastKnownFileType = text.plist.entitlements; path = CoredataAndWidgetExtensionExtension.entitlements; sourceTree = "<group>"; };
		3B3C905C2AC538650058BDDD /* Colors+Extensions.swift */ = {isa = PBXFileReference; lastKnownFileType = sourcecode.swift; path = "Colors+Extensions.swift"; sourceTree = "<group>"; };
		3B3C905F2AC53B920058BDDD /* CoreDataManager.swift */ = {isa = PBXFileReference; lastKnownFileType = sourcecode.swift; path = CoreDataManager.swift; sourceTree = "<group>"; };
		3B3C90642AC548670058BDDD /* GroceryView.swift */ = {isa = PBXFileReference; lastKnownFileType = sourcecode.swift; path = GroceryView.swift; sourceTree = "<group>"; };
		3B3C90672AC5593C0058BDDD /* GroceryEntry.swift */ = {isa = PBXFileReference; lastKnownFileType = sourcecode.swift; path = GroceryEntry.swift; sourceTree = "<group>"; };
		3B3C90692AC55BC20058BDDD /* GeoceryEntryView.swift */ = {isa = PBXFileReference; lastKnownFileType = sourcecode.swift; path = GeoceryEntryView.swift; sourceTree = "<group>"; };
		3B3C906B2AC560790058BDDD /* GroceryTimelineProvider.swift */ = {isa = PBXFileReference; lastKnownFileType = sourcecode.swift; path = GroceryTimelineProvider.swift; sourceTree = "<group>"; };
		3B3C906D2AC563E40058BDDD /* GroceryWidget.swift */ = {isa = PBXFileReference; lastKnownFileType = sourcecode.swift; path = GroceryWidget.swift; sourceTree = "<group>"; };
/* End PBXFileReference section */

/* Begin PBXFrameworksBuildPhase section */
		3B3C90252AC525870058BDDD /* Frameworks */ = {
			isa = PBXFrameworksBuildPhase;
			buildActionMask = 2147483647;
			files = (
			);
			runOnlyForDeploymentPostprocessing = 0;
		};
		3B3C903A2AC529C10058BDDD /* Frameworks */ = {
			isa = PBXFrameworksBuildPhase;
			buildActionMask = 2147483647;
			files = (
				3B3C90422AC529C10058BDDD /* SwiftUI.framework in Frameworks */,
				3B3C90402AC529C10058BDDD /* WidgetKit.framework in Frameworks */,
			);
			runOnlyForDeploymentPostprocessing = 0;
		};
/* End PBXFrameworksBuildPhase section */

/* Begin PBXGroup section */
		3B3C901F2AC525870058BDDD = {
			isa = PBXGroup;
			children = (
				3B3C905B2AC52EF40058BDDD /* CoredataAndWidgetExtensionExtension.entitlements */,
				3B3C902A2AC525870058BDDD /* CoreDataAndWidget */,
				3B3C90432AC529C10058BDDD /* CoredataAndWidgetExtension */,
				3B3C90662AC558EE0058BDDD /* GroceryWidget */,
				3B3C903E2AC529C10058BDDD /* Frameworks */,
				3B3C90292AC525870058BDDD /* Products */,
			);
			sourceTree = "<group>";
		};
		3B3C90292AC525870058BDDD /* Products */ = {
			isa = PBXGroup;
			children = (
				3B3C90282AC525870058BDDD /* CoreDataAndWidget.app */,
				3B3C903D2AC529C10058BDDD /* CoredataAndWidgetExtensionExtension.appex */,
			);
			name = Products;
			sourceTree = "<group>";
		};
		3B3C902A2AC525870058BDDD /* CoreDataAndWidget */ = {
			isa = PBXGroup;
			children = (
				3B3C90522AC52AE20058BDDD /* Grocery */,
				3B3C905A2AC52EB80058BDDD /* CoreDataAndWidget.entitlements */,
				3B3C902B2AC525870058BDDD /* CoreDataAndWidgetApp.swift */,
				3B3C902D2AC525870058BDDD /* ContentView.swift */,
				3B3C902F2AC525880058BDDD /* Assets.xcassets */,
				3B3C90312AC525880058BDDD /* Preview Content */,
			);
			path = CoreDataAndWidget;
			sourceTree = "<group>";
		};
		3B3C90312AC525880058BDDD /* Preview Content */ = {
			isa = PBXGroup;
			children = (
				3B3C90322AC525880058BDDD /* Preview Assets.xcassets */,
			);
			path = "Preview Content";
			sourceTree = "<group>";
		};
		3B3C903E2AC529C10058BDDD /* Frameworks */ = {
			isa = PBXGroup;
			children = (
				3B3C903F2AC529C10058BDDD /* WidgetKit.framework */,
				3B3C90412AC529C10058BDDD /* SwiftUI.framework */,
			);
			name = Frameworks;
			sourceTree = "<group>";
		};
		3B3C90432AC529C10058BDDD /* CoredataAndWidgetExtension */ = {
			isa = PBXGroup;
			children = (
				3B3C90442AC529C10058BDDD /* CoredataAndWidgetExtensionBundle.swift */,
				3B3C90462AC529C10058BDDD /* CoredataAndWidgetExtension.swift */,
				3B3C90482AC529C20058BDDD /* Assets.xcassets */,
				3B3C904A2AC529C20058BDDD /* Info.plist */,
			);
			path = CoredataAndWidgetExtension;
			sourceTree = "<group>";
		};
		3B3C90522AC52AE20058BDDD /* Grocery */ = {
			isa = PBXGroup;
			children = (
				3B3C90532AC52CA20058BDDD /* Grocery.xcdatamodeld */,
				3B3C90572AC52E630058BDDD /* GroceryConstants.swift */,
				3B3C905C2AC538650058BDDD /* Colors+Extensions.swift */,
				3B3C905F2AC53B920058BDDD /* CoreDataManager.swift */,
				3B3C90642AC548670058BDDD /* GroceryView.swift */,
			);
			path = Grocery;
			sourceTree = "<group>";
		};
		3B3C90662AC558EE0058BDDD /* GroceryWidget */ = {
			isa = PBXGroup;
			children = (
				3B3C90672AC5593C0058BDDD /* GroceryEntry.swift */,
				3B3C90692AC55BC20058BDDD /* GeoceryEntryView.swift */,
				3B3C906B2AC560790058BDDD /* GroceryTimelineProvider.swift */,
				3B3C906D2AC563E40058BDDD /* GroceryWidget.swift */,
			);
			path = GroceryWidget;
			sourceTree = "<group>";
		};
/* End PBXGroup section */

/* Begin PBXNativeTarget section */
		3B3C90272AC525870058BDDD /* CoreDataAndWidget */ = {
			isa = PBXNativeTarget;
			buildConfigurationList = 3B3C90362AC525880058BDDD /* Build configuration list for PBXNativeTarget "CoreDataAndWidget" */;
			buildPhases = (
				3B3C90242AC525870058BDDD /* Sources */,
				3B3C90252AC525870058BDDD /* Frameworks */,
				3B3C90262AC525870058BDDD /* Resources */,
				3B3C904E2AC529C20058BDDD /* Embed Foundation Extensions */,
			);
			buildRules = (
			);
			dependencies = (
				3B3C904C2AC529C20058BDDD /* PBXTargetDependency */,
			);
			name = CoreDataAndWidget;
			productName = CoreDataAndWidget;
			productReference = 3B3C90282AC525870058BDDD /* CoreDataAndWidget.app */;
			productType = "com.apple.product-type.application";
		};
		3B3C903C2AC529C10058BDDD /* CoredataAndWidgetExtensionExtension */ = {
			isa = PBXNativeTarget;
			buildConfigurationList = 3B3C90512AC529C20058BDDD /* Build configuration list for PBXNativeTarget "CoredataAndWidgetExtensionExtension" */;
			buildPhases = (
				3B3C90392AC529C10058BDDD /* Sources */,
				3B3C903A2AC529C10058BDDD /* Frameworks */,
				3B3C903B2AC529C10058BDDD /* Resources */,
			);
			buildRules = (
			);
			dependencies = (
			);
			name = CoredataAndWidgetExtensionExtension;
			productName = CoredataAndWidgetExtensionExtension;
			productReference = 3B3C903D2AC529C10058BDDD /* CoredataAndWidgetExtensionExtension.appex */;
			productType = "com.apple.product-type.app-extension";
		};
/* End PBXNativeTarget section */

/* Begin PBXProject section */
		3B3C90202AC525870058BDDD /* Project object */ = {
			isa = PBXProject;
			attributes = {
				BuildIndependentTargetsInParallel = 1;
				LastSwiftUpdateCheck = 1430;
				LastUpgradeCheck = 1430;
				TargetAttributes = {
					3B3C90272AC525870058BDDD = {
						CreatedOnToolsVersion = 14.3;
					};
					3B3C903C2AC529C10058BDDD = {
						CreatedOnToolsVersion = 14.3;
					};
				};
			};
			buildConfigurationList = 3B3C90232AC525870058BDDD /* Build configuration list for PBXProject "CoreDataAndWidget" */;
			compatibilityVersion = "Xcode 14.0";
			developmentRegion = en;
			hasScannedForEncodings = 0;
			knownRegions = (
				en,
				Base,
			);
			mainGroup = 3B3C901F2AC525870058BDDD;
			productRefGroup = 3B3C90292AC525870058BDDD /* Products */;
			projectDirPath = "";
			projectRoot = "";
			targets = (
				3B3C90272AC525870058BDDD /* CoreDataAndWidget */,
				3B3C903C2AC529C10058BDDD /* CoredataAndWidgetExtensionExtension */,
			);
		};
/* End PBXProject section */

/* Begin PBXResourcesBuildPhase section */
		3B3C90262AC525870058BDDD /* Resources */ = {
			isa = PBXResourcesBuildPhase;
			buildActionMask = 2147483647;
			files = (
				3B3C90332AC525880058BDDD /* Preview Assets.xcassets in Resources */,
				3B3C90302AC525880058BDDD /* Assets.xcassets in Resources */,
			);
			runOnlyForDeploymentPostprocessing = 0;
		};
		3B3C903B2AC529C10058BDDD /* Resources */ = {
			isa = PBXResourcesBuildPhase;
			buildActionMask = 2147483647;
			files = (
				3B3C90492AC529C20058BDDD /* Assets.xcassets in Resources */,
			);
			runOnlyForDeploymentPostprocessing = 0;
		};
/* End PBXResourcesBuildPhase section */

/* Begin PBXSourcesBuildPhase section */
		3B3C90242AC525870058BDDD /* Sources */ = {
			isa = PBXSourcesBuildPhase;
			buildActionMask = 2147483647;
			files = (
				3B3C90602AC53B920058BDDD /* CoreDataManager.swift in Sources */,
				3B3C90552AC52CA20058BDDD /* Grocery.xcdatamodeld in Sources */,
				3B3C90652AC548670058BDDD /* GroceryView.swift in Sources */,
				3B3C90582AC52E630058BDDD /* GroceryConstants.swift in Sources */,
				3B3C902E2AC525870058BDDD /* ContentView.swift in Sources */,
				3B3C902C2AC525870058BDDD /* CoreDataAndWidgetApp.swift in Sources */,
				3B3C905D2AC538650058BDDD /* Colors+Extensions.swift in Sources */,
			);
			runOnlyForDeploymentPostprocessing = 0;
		};
		3B3C90392AC529C10058BDDD /* Sources */ = {
			isa = PBXSourcesBuildPhase;
			buildActionMask = 2147483647;
			files = (
				3B3C90622AC53D350058BDDD /* CoreDataManager.swift in Sources */,
				3B3C90632AC53D500058BDDD /* GroceryConstants.swift in Sources */,
				3B3C90562AC52CA20058BDDD /* Grocery.xcdatamodeld in Sources */,
				3B3C90472AC529C10058BDDD /* CoredataAndWidgetExtension.swift in Sources */,
				3B3C906A2AC55BC20058BDDD /* GeoceryEntryView.swift in Sources */,
				3B3C906C2AC560790058BDDD /* GroceryTimelineProvider.swift in Sources */,
				3B3C90682AC5593C0058BDDD /* GroceryEntry.swift in Sources */,
				3B3C906E2AC563E40058BDDD /* GroceryWidget.swift in Sources */,
				3B3C90452AC529C10058BDDD /* CoredataAndWidgetExtensionBundle.swift in Sources */,
				3B3C905E2AC538650058BDDD /* Colors+Extensions.swift in Sources */,
			);
			runOnlyForDeploymentPostprocessing = 0;
		};
/* End PBXSourcesBuildPhase section */

/* Begin PBXTargetDependency section */
		3B3C904C2AC529C20058BDDD /* PBXTargetDependency */ = {
			isa = PBXTargetDependency;
			target = 3B3C903C2AC529C10058BDDD /* CoredataAndWidgetExtensionExtension */;
			targetProxy = 3B3C904B2AC529C20058BDDD /* PBXContainerItemProxy */;
		};
/* End PBXTargetDependency section */

/* Begin XCBuildConfiguration section */
		3B3C90342AC525880058BDDD /* Debug */ = {
			isa = XCBuildConfiguration;
			buildSettings = {
				ALWAYS_SEARCH_USER_PATHS = NO;
				CLANG_ANALYZER_NONNULL = YES;
				CLANG_ANALYZER_NUMBER_OBJECT_CONVERSION = YES_AGGRESSIVE;
				CLANG_CXX_LANGUAGE_STANDARD = "gnu++20";
				CLANG_ENABLE_MODULES = YES;
				CLANG_ENABLE_OBJC_ARC = YES;
				CLANG_ENABLE_OBJC_WEAK = YES;
				CLANG_WARN_BLOCK_CAPTURE_AUTORELEASING = YES;
				CLANG_WARN_BOOL_CONVERSION = YES;
				CLANG_WARN_COMMA = YES;
				CLANG_WARN_CONSTANT_CONVERSION = YES;
				CLANG_WARN_DEPRECATED_OBJC_IMPLEMENTATIONS = YES;
				CLANG_WARN_DIRECT_OBJC_ISA_USAGE = YES_ERROR;
				CLANG_WARN_DOCUMENTATION_COMMENTS = YES;
				CLANG_WARN_EMPTY_BODY = YES;
				CLANG_WARN_ENUM_CONVERSION = YES;
				CLANG_WARN_INFINITE_RECURSION = YES;
				CLANG_WARN_INT_CONVERSION = YES;
				CLANG_WARN_NON_LITERAL_NULL_CONVERSION = YES;
				CLANG_WARN_OBJC_IMPLICIT_RETAIN_SELF = YES;
				CLANG_WARN_OBJC_LITERAL_CONVERSION = YES;
				CLANG_WARN_OBJC_ROOT_CLASS = YES_ERROR;
				CLANG_WARN_QUOTED_INCLUDE_IN_FRAMEWORK_HEADER = YES;
				CLANG_WARN_RANGE_LOOP_ANALYSIS = YES;
				CLANG_WARN_STRICT_PROTOTYPES = YES;
				CLANG_WARN_SUSPICIOUS_MOVE = YES;
				CLANG_WARN_UNGUARDED_AVAILABILITY = YES_AGGRESSIVE;
				CLANG_WARN_UNREACHABLE_CODE = YES;
				CLANG_WARN__DUPLICATE_METHOD_MATCH = YES;
				COPY_PHASE_STRIP = NO;
				DEBUG_INFORMATION_FORMAT = dwarf;
				ENABLE_STRICT_OBJC_MSGSEND = YES;
				ENABLE_TESTABILITY = YES;
				GCC_C_LANGUAGE_STANDARD = gnu11;
				GCC_DYNAMIC_NO_PIC = NO;
				GCC_NO_COMMON_BLOCKS = YES;
				GCC_OPTIMIZATION_LEVEL = 0;
				GCC_PREPROCESSOR_DEFINITIONS = (
					"DEBUG=1",
					"$(inherited)",
				);
				GCC_WARN_64_TO_32_BIT_CONVERSION = YES;
				GCC_WARN_ABOUT_RETURN_TYPE = YES_ERROR;
				GCC_WARN_UNDECLARED_SELECTOR = YES;
				GCC_WARN_UNINITIALIZED_AUTOS = YES_AGGRESSIVE;
				GCC_WARN_UNUSED_FUNCTION = YES;
				GCC_WARN_UNUSED_VARIABLE = YES;
				IPHONEOS_DEPLOYMENT_TARGET = 16.4;
				MTL_ENABLE_DEBUG_INFO = INCLUDE_SOURCE;
				MTL_FAST_MATH = YES;
				ONLY_ACTIVE_ARCH = YES;
				SDKROOT = iphoneos;
				SWIFT_ACTIVE_COMPILATION_CONDITIONS = DEBUG;
				SWIFT_OPTIMIZATION_LEVEL = "-Onone";
			};
			name = Debug;
		};
		3B3C90352AC525880058BDDD /* Release */ = {
			isa = XCBuildConfiguration;
			buildSettings = {
				ALWAYS_SEARCH_USER_PATHS = NO;
				CLANG_ANALYZER_NONNULL = YES;
				CLANG_ANALYZER_NUMBER_OBJECT_CONVERSION = YES_AGGRESSIVE;
				CLANG_CXX_LANGUAGE_STANDARD = "gnu++20";
				CLANG_ENABLE_MODULES = YES;
				CLANG_ENABLE_OBJC_ARC = YES;
				CLANG_ENABLE_OBJC_WEAK = YES;
				CLANG_WARN_BLOCK_CAPTURE_AUTORELEASING = YES;
				CLANG_WARN_BOOL_CONVERSION = YES;
				CLANG_WARN_COMMA = YES;
				CLANG_WARN_CONSTANT_CONVERSION = YES;
				CLANG_WARN_DEPRECATED_OBJC_IMPLEMENTATIONS = YES;
				CLANG_WARN_DIRECT_OBJC_ISA_USAGE = YES_ERROR;
				CLANG_WARN_DOCUMENTATION_COMMENTS = YES;
				CLANG_WARN_EMPTY_BODY = YES;
				CLANG_WARN_ENUM_CONVERSION = YES;
				CLANG_WARN_INFINITE_RECURSION = YES;
				CLANG_WARN_INT_CONVERSION = YES;
				CLANG_WARN_NON_LITERAL_NULL_CONVERSION = YES;
				CLANG_WARN_OBJC_IMPLICIT_RETAIN_SELF = YES;
				CLANG_WARN_OBJC_LITERAL_CONVERSION = YES;
				CLANG_WARN_OBJC_ROOT_CLASS = YES_ERROR;
				CLANG_WARN_QUOTED_INCLUDE_IN_FRAMEWORK_HEADER = YES;
				CLANG_WARN_RANGE_LOOP_ANALYSIS = YES;
				CLANG_WARN_STRICT_PROTOTYPES = YES;
				CLANG_WARN_SUSPICIOUS_MOVE = YES;
				CLANG_WARN_UNGUARDED_AVAILABILITY = YES_AGGRESSIVE;
				CLANG_WARN_UNREACHABLE_CODE = YES;
				CLANG_WARN__DUPLICATE_METHOD_MATCH = YES;
				COPY_PHASE_STRIP = NO;
				DEBUG_INFORMATION_FORMAT = "dwarf-with-dsym";
				ENABLE_NS_ASSERTIONS = NO;
				ENABLE_STRICT_OBJC_MSGSEND = YES;
				GCC_C_LANGUAGE_STANDARD = gnu11;
				GCC_NO_COMMON_BLOCKS = YES;
				GCC_WARN_64_TO_32_BIT_CONVERSION = YES;
				GCC_WARN_ABOUT_RETURN_TYPE = YES_ERROR;
				GCC_WARN_UNDECLARED_SELECTOR = YES;
				GCC_WARN_UNINITIALIZED_AUTOS = YES_AGGRESSIVE;
				GCC_WARN_UNUSED_FUNCTION = YES;
				GCC_WARN_UNUSED_VARIABLE = YES;
				IPHONEOS_DEPLOYMENT_TARGET = 16.4;
				MTL_ENABLE_DEBUG_INFO = NO;
				MTL_FAST_MATH = YES;
				SDKROOT = iphoneos;
				SWIFT_COMPILATION_MODE = wholemodule;
				SWIFT_OPTIMIZATION_LEVEL = "-O";
				VALIDATE_PRODUCT = YES;
			};
			name = Release;
		};
		3B3C90372AC525880058BDDD /* Debug */ = {
			isa = XCBuildConfiguration;
			buildSettings = {
				ALWAYS_EMBED_SWIFT_STANDARD_LIBRARIES = YES;
				ASSETCATALOG_COMPILER_APPICON_NAME = AppIcon;
				ASSETCATALOG_COMPILER_GLOBAL_ACCENT_COLOR_NAME = AccentColor;
				CODE_SIGN_ENTITLEMENTS = CoreDataAndWidget/CoreDataAndWidget.entitlements;
				CODE_SIGN_STYLE = Automatic;
				CURRENT_PROJECT_VERSION = 1;
				DEVELOPMENT_ASSET_PATHS = "\"CoreDataAndWidget/Preview Content\"";
				DEVELOPMENT_TEAM = 6CBTWMSXBM;
				ENABLE_PREVIEWS = YES;
				GENERATE_INFOPLIST_FILE = YES;
				INFOPLIST_KEY_UIApplicationSceneManifest_Generation = YES;
				INFOPLIST_KEY_UIApplicationSupportsIndirectInputEvents = YES;
				INFOPLIST_KEY_UILaunchScreen_Generation = YES;
				INFOPLIST_KEY_UISupportedInterfaceOrientations_iPad = "UIInterfaceOrientationPortrait UIInterfaceOrientationPortraitUpsideDown UIInterfaceOrientationLandscapeLeft UIInterfaceOrientationLandscapeRight";
				INFOPLIST_KEY_UISupportedInterfaceOrientations_iPhone = "UIInterfaceOrientationPortrait UIInterfaceOrientationLandscapeLeft UIInterfaceOrientationLandscapeRight";
				LD_RUNPATH_SEARCH_PATHS = (
					"$(inherited)",
					"@executable_path/Frameworks",
				);
				MARKETING_VERSION = 1.0;
				PRODUCT_BUNDLE_IDENTIFIER = amatnug.amatnug.CoreDataAndWidget;
				PRODUCT_NAME = "$(TARGET_NAME)";
				SWIFT_EMIT_LOC_STRINGS = YES;
				SWIFT_VERSION = 5.0;
				TARGETED_DEVICE_FAMILY = "1,2";
			};
			name = Debug;
		};
		3B3C90382AC525880058BDDD /* Release */ = {
			isa = XCBuildConfiguration;
			buildSettings = {
				ALWAYS_EMBED_SWIFT_STANDARD_LIBRARIES = YES;
				ASSETCATALOG_COMPILER_APPICON_NAME = AppIcon;
				ASSETCATALOG_COMPILER_GLOBAL_ACCENT_COLOR_NAME = AccentColor;
				CODE_SIGN_ENTITLEMENTS = CoreDataAndWidget/CoreDataAndWidget.entitlements;
				CODE_SIGN_STYLE = Automatic;
				CURRENT_PROJECT_VERSION = 1;
				DEVELOPMENT_ASSET_PATHS = "\"CoreDataAndWidget/Preview Content\"";
				DEVELOPMENT_TEAM = 6CBTWMSXBM;
				ENABLE_PREVIEWS = YES;
				GENERATE_INFOPLIST_FILE = YES;
				INFOPLIST_KEY_UIApplicationSceneManifest_Generation = YES;
				INFOPLIST_KEY_UIApplicationSupportsIndirectInputEvents = YES;
				INFOPLIST_KEY_UILaunchScreen_Generation = YES;
				INFOPLIST_KEY_UISupportedInterfaceOrientations_iPad = "UIInterfaceOrientationPortrait UIInterfaceOrientationPortraitUpsideDown UIInterfaceOrientationLandscapeLeft UIInterfaceOrientationLandscapeRight";
				INFOPLIST_KEY_UISupportedInterfaceOrientations_iPhone = "UIInterfaceOrientationPortrait UIInterfaceOrientationLandscapeLeft UIInterfaceOrientationLandscapeRight";
				LD_RUNPATH_SEARCH_PATHS = (
					"$(inherited)",
					"@executable_path/Frameworks",
				);
				MARKETING_VERSION = 1.0;
				PRODUCT_BUNDLE_IDENTIFIER = amatnug.amatnug.CoreDataAndWidget;
				PRODUCT_NAME = "$(TARGET_NAME)";
				SWIFT_EMIT_LOC_STRINGS = YES;
				SWIFT_VERSION = 5.0;
				TARGETED_DEVICE_FAMILY = "1,2";
			};
			name = Release;
		};
		3B3C904F2AC529C20058BDDD /* Debug */ = {
			isa = XCBuildConfiguration;
			buildSettings = {
				ASSETCATALOG_COMPILER_GLOBAL_ACCENT_COLOR_NAME = AccentColor;
				ASSETCATALOG_COMPILER_WIDGET_BACKGROUND_COLOR_NAME = WidgetBackground;
				CODE_SIGN_ENTITLEMENTS = CoredataAndWidgetExtensionExtension.entitlements;
				CODE_SIGN_STYLE = Automatic;
				CURRENT_PROJECT_VERSION = 1;
				DEVELOPMENT_TEAM = 6CBTWMSXBM;
				GENERATE_INFOPLIST_FILE = YES;
				INFOPLIST_FILE = CoredataAndWidgetExtension/Info.plist;
				INFOPLIST_KEY_CFBundleDisplayName = CoredataAndWidgetExtension;
				INFOPLIST_KEY_NSHumanReadableCopyright = "";
				LD_RUNPATH_SEARCH_PATHS = (
					"$(inherited)",
					"@executable_path/Frameworks",
					"@executable_path/../../Frameworks",
				);
				MARKETING_VERSION = 1.0;
				PRODUCT_BUNDLE_IDENTIFIER = amatnug.amatnug.CoreDataAndWidget.CoredataAndWidgetExtension;
				PRODUCT_NAME = "$(TARGET_NAME)";
				SKIP_INSTALL = YES;
				SWIFT_EMIT_LOC_STRINGS = YES;
				SWIFT_VERSION = 5.0;
				TARGETED_DEVICE_FAMILY = "1,2";
			};
			name = Debug;
		};
		3B3C90502AC529C20058BDDD /* Release */ = {
			isa = XCBuildConfiguration;
			buildSettings = {
				ASSETCATALOG_COMPILER_GLOBAL_ACCENT_COLOR_NAME = AccentColor;
				ASSETCATALOG_COMPILER_WIDGET_BACKGROUND_COLOR_NAME = WidgetBackground;
				CODE_SIGN_ENTITLEMENTS = CoredataAndWidgetExtensionExtension.entitlements;
				CODE_SIGN_STYLE = Automatic;
				CURRENT_PROJECT_VERSION = 1;
				DEVELOPMENT_TEAM = 6CBTWMSXBM;
				GENERATE_INFOPLIST_FILE = YES;
				INFOPLIST_FILE = CoredataAndWidgetExtension/Info.plist;
				INFOPLIST_KEY_CFBundleDisplayName = CoredataAndWidgetExtension;
				INFOPLIST_KEY_NSHumanReadableCopyright = "";
				LD_RUNPATH_SEARCH_PATHS = (
					"$(inherited)",
					"@executable_path/Frameworks",
					"@executable_path/../../Frameworks",
				);
				MARKETING_VERSION = 1.0;
				PRODUCT_BUNDLE_IDENTIFIER = amatnug.amatnug.CoreDataAndWidget.CoredataAndWidgetExtension;
				PRODUCT_NAME = "$(TARGET_NAME)";
				SKIP_INSTALL = YES;
				SWIFT_EMIT_LOC_STRINGS = YES;
				SWIFT_VERSION = 5.0;
				TARGETED_DEVICE_FAMILY = "1,2";
			};
			name = Release;
		};
/* End XCBuildConfiguration section */

/* Begin XCConfigurationList section */
		3B3C90232AC525870058BDDD /* Build configuration list for PBXProject "CoreDataAndWidget" */ = {
			isa = XCConfigurationList;
			buildConfigurations = (
				3B3C90342AC525880058BDDD /* Debug */,
				3B3C90352AC525880058BDDD /* Release */,
			);
			defaultConfigurationIsVisible = 0;
			defaultConfigurationName = Release;
		};
		3B3C90362AC525880058BDDD /* Build configuration list for PBXNativeTarget "CoreDataAndWidget" */ = {
			isa = XCConfigurationList;
			buildConfigurations = (
				3B3C90372AC525880058BDDD /* Debug */,
				3B3C90382AC525880058BDDD /* Release */,
			);
			defaultConfigurationIsVisible = 0;
			defaultConfigurationName = Release;
		};
		3B3C90512AC529C20058BDDD /* Build configuration list for PBXNativeTarget "CoredataAndWidgetExtensionExtension" */ = {
			isa = XCConfigurationList;
			buildConfigurations = (
				3B3C904F2AC529C20058BDDD /* Debug */,
				3B3C90502AC529C20058BDDD /* Release */,
			);
			defaultConfigurationIsVisible = 0;
			defaultConfigurationName = Release;
		};
/* End XCConfigurationList section */

/* Begin XCVersionGroup section */
		3B3C90532AC52CA20058BDDD /* Grocery.xcdatamodeld */ = {
			isa = XCVersionGroup;
			children = (
				3B3C90542AC52CA20058BDDD /* Grocery.xcdatamodel */,
			);
			currentVersion = 3B3C90542AC52CA20058BDDD /* Grocery.xcdatamodel */;
			path = Grocery.xcdatamodeld;
			sourceTree = "<group>";
			versionGroupType = wrapper.xcdatamodel;
		};
/* End XCVersionGroup section */
	};
	rootObject = 3B3C90202AC525870058BDDD /* Project object */;
}
