// !$*UTF8*$!
{
	archiveVersion = 1;
	classes = {
	};
	objectVersion = 56;
	objects = {

/* Begin PBXBuildFile section */
		3B7ECEE22ABC2CA300EBCF36 /* WidjetTestProjectApp.swift in Sources */ = {isa = PBXBuildFile; fileRef = 3B7ECEE12ABC2CA300EBCF36 /* WidjetTestProjectApp.swift */; };
		3B7ECEE42ABC2CA300EBCF36 /* ContentView.swift in Sources */ = {isa = PBXBuildFile; fileRef = 3B7ECEE32ABC2CA300EBCF36 /* ContentView.swift */; };
		3B7ECEE62ABC2CA400EBCF36 /* Assets.xcassets in Resources */ = {isa = PBXBuildFile; fileRef = 3B7ECEE52ABC2CA400EBCF36 /* Assets.xcassets */; };
		3B7ECEE92ABC2CA400EBCF36 /* Preview Assets.xcassets in Resources */ = {isa = PBXBuildFile; fileRef = 3B7ECEE82ABC2CA400EBCF36 /* Preview Assets.xcassets */; };
		3B7ECEF62ABC2D5400EBCF36 /* WidgetKit.framework in Frameworks */ = {isa = PBXBuildFile; fileRef = 3B7ECEF52ABC2D5400EBCF36 /* WidgetKit.framework */; };
		3B7ECEF82ABC2D5400EBCF36 /* SwiftUI.framework in Frameworks */ = {isa = PBXBuildFile; fileRef = 3B7ECEF72ABC2D5400EBCF36 /* SwiftUI.framework */; };
		3B7ECEFB2ABC2D5400EBCF36 /* SampleWidjetBundle.swift in Sources */ = {isa = PBXBuildFile; fileRef = 3B7ECEFA2ABC2D5400EBCF36 /* SampleWidjetBundle.swift */; };
		3B7ECEFD2ABC2D5400EBCF36 /* SampleWidjet.swift in Sources */ = {isa = PBXBuildFile; fileRef = 3B7ECEFC2ABC2D5400EBCF36 /* SampleWidjet.swift */; };
		3B7ECEFF2ABC2D5600EBCF36 /* Assets.xcassets in Resources */ = {isa = PBXBuildFile; fileRef = 3B7ECEFE2ABC2D5600EBCF36 /* Assets.xcassets */; };
		3B7ECF032ABC2D5600EBCF36 /* SampleWidjetExtension.appex in Embed Foundation Extensions */ = {isa = PBXBuildFile; fileRef = 3B7ECEF32ABC2D5400EBCF36 /* SampleWidjetExtension.appex */; settings = {ATTRIBUTES = (RemoveHeadersOnCopy, ); }; };
		3B7ECF0B2ABD8FF400EBCF36 /* HelloWidjetEntry.swift in Sources */ = {isa = PBXBuildFile; fileRef = 3B7ECF0A2ABD8FF300EBCF36 /* HelloWidjetEntry.swift */; };
		3B7ECF0D2ABD917600EBCF36 /* HelloWidjetView.swift in Sources */ = {isa = PBXBuildFile; fileRef = 3B7ECF0C2ABD917600EBCF36 /* HelloWidjetView.swift */; };
		3B7ECF0F2ABD941600EBCF36 /* HelloWidjetTimelineProvider.swift in Sources */ = {isa = PBXBuildFile; fileRef = 3B7ECF0E2ABD941600EBCF36 /* HelloWidjetTimelineProvider.swift */; };
		3B7ECF112ABDA83E00EBCF36 /* HelloStaticWidget.swift in Sources */ = {isa = PBXBuildFile; fileRef = 3B7ECF102ABDA83E00EBCF36 /* HelloStaticWidget.swift */; };
		3B7ECF142ABDDEF200EBCF36 /* TodayWidgetEntry.swift in Sources */ = {isa = PBXBuildFile; fileRef = 3B7ECF132ABDDEF100EBCF36 /* TodayWidgetEntry.swift */; };
		3B7ECF162ABDF1BB00EBCF36 /* TodayWidgetTimelineProvider.swift in Sources */ = {isa = PBXBuildFile; fileRef = 3B7ECF152ABDF1BB00EBCF36 /* TodayWidgetTimelineProvider.swift */; };
		3B7ECF182ABF334800EBCF36 /* TodayWidgetView.swift in Sources */ = {isa = PBXBuildFile; fileRef = 3B7ECF172ABF334800EBCF36 /* TodayWidgetView.swift */; };
		3B7ECF1A2ABF383F00EBCF36 /* TodayWidget.swift in Sources */ = {isa = PBXBuildFile; fileRef = 3B7ECF192ABF383F00EBCF36 /* TodayWidget.swift */; };
/* End PBXBuildFile section */

/* Begin PBXContainerItemProxy section */
		3B7ECF012ABC2D5600EBCF36 /* PBXContainerItemProxy */ = {
			isa = PBXContainerItemProxy;
			containerPortal = 3B7ECED62ABC2CA300EBCF36 /* Project object */;
			proxyType = 1;
			remoteGlobalIDString = 3B7ECEF22ABC2D5400EBCF36;
			remoteInfo = SampleWidjetExtension;
		};
/* End PBXContainerItemProxy section */

/* Begin PBXCopyFilesBuildPhase section */
		3B7ECF072ABC2D5600EBCF36 /* Embed Foundation Extensions */ = {
			isa = PBXCopyFilesBuildPhase;
			buildActionMask = 2147483647;
			dstPath = "";
			dstSubfolderSpec = 13;
			files = (
				3B7ECF032ABC2D5600EBCF36 /* SampleWidjetExtension.appex in Embed Foundation Extensions */,
			);
			name = "Embed Foundation Extensions";
			runOnlyForDeploymentPostprocessing = 0;
		};
/* End PBXCopyFilesBuildPhase section */

/* Begin PBXFileReference section */
		3B7ECEDE2ABC2CA300EBCF36 /* WidjetTestProject.app */ = {isa = PBXFileReference; explicitFileType = wrapper.application; includeInIndex = 0; path = WidjetTestProject.app; sourceTree = BUILT_PRODUCTS_DIR; };
		3B7ECEE12ABC2CA300EBCF36 /* WidjetTestProjectApp.swift */ = {isa = PBXFileReference; lastKnownFileType = sourcecode.swift; path = WidjetTestProjectApp.swift; sourceTree = "<group>"; };
		3B7ECEE32ABC2CA300EBCF36 /* ContentView.swift */ = {isa = PBXFileReference; lastKnownFileType = sourcecode.swift; path = ContentView.swift; sourceTree = "<group>"; };
		3B7ECEE52ABC2CA400EBCF36 /* Assets.xcassets */ = {isa = PBXFileReference; lastKnownFileType = folder.assetcatalog; path = Assets.xcassets; sourceTree = "<group>"; };
		3B7ECEE82ABC2CA400EBCF36 /* Preview Assets.xcassets */ = {isa = PBXFileReference; lastKnownFileType = folder.assetcatalog; path = "Preview Assets.xcassets"; sourceTree = "<group>"; };
		3B7ECEF32ABC2D5400EBCF36 /* SampleWidjetExtension.appex */ = {isa = PBXFileReference; explicitFileType = "wrapper.app-extension"; includeInIndex = 0; path = SampleWidjetExtension.appex; sourceTree = BUILT_PRODUCTS_DIR; };
		3B7ECEF52ABC2D5400EBCF36 /* WidgetKit.framework */ = {isa = PBXFileReference; lastKnownFileType = wrapper.framework; name = WidgetKit.framework; path = System/Library/Frameworks/WidgetKit.framework; sourceTree = SDKROOT; };
		3B7ECEF72ABC2D5400EBCF36 /* SwiftUI.framework */ = {isa = PBXFileReference; lastKnownFileType = wrapper.framework; name = SwiftUI.framework; path = System/Library/Frameworks/SwiftUI.framework; sourceTree = SDKROOT; };
		3B7ECEFA2ABC2D5400EBCF36 /* SampleWidjetBundle.swift */ = {isa = PBXFileReference; lastKnownFileType = sourcecode.swift; path = SampleWidjetBundle.swift; sourceTree = "<group>"; };
		3B7ECEFC2ABC2D5400EBCF36 /* SampleWidjet.swift */ = {isa = PBXFileReference; lastKnownFileType = sourcecode.swift; path = SampleWidjet.swift; sourceTree = "<group>"; };
		3B7ECEFE2ABC2D5600EBCF36 /* Assets.xcassets */ = {isa = PBXFileReference; lastKnownFileType = folder.assetcatalog; path = Assets.xcassets; sourceTree = "<group>"; };
		3B7ECF002ABC2D5600EBCF36 /* Info.plist */ = {isa = PBXFileReference; lastKnownFileType = text.plist.xml; path = Info.plist; sourceTree = "<group>"; };
		3B7ECF0A2ABD8FF300EBCF36 /* HelloWidjetEntry.swift */ = {isa = PBXFileReference; lastKnownFileType = sourcecode.swift; path = HelloWidjetEntry.swift; sourceTree = "<group>"; };
		3B7ECF0C2ABD917600EBCF36 /* HelloWidjetView.swift */ = {isa = PBXFileReference; lastKnownFileType = sourcecode.swift; path = HelloWidjetView.swift; sourceTree = "<group>"; };
		3B7ECF0E2ABD941600EBCF36 /* HelloWidjetTimelineProvider.swift */ = {isa = PBXFileReference; lastKnownFileType = sourcecode.swift; path = HelloWidjetTimelineProvider.swift; sourceTree = "<group>"; };
		3B7ECF102ABDA83E00EBCF36 /* HelloStaticWidget.swift */ = {isa = PBXFileReference; lastKnownFileType = sourcecode.swift; path = HelloStaticWidget.swift; sourceTree = "<group>"; };
		3B7ECF132ABDDEF100EBCF36 /* TodayWidgetEntry.swift */ = {isa = PBXFileReference; lastKnownFileType = sourcecode.swift; path = TodayWidgetEntry.swift; sourceTree = "<group>"; };
		3B7ECF152ABDF1BB00EBCF36 /* TodayWidgetTimelineProvider.swift */ = {isa = PBXFileReference; lastKnownFileType = sourcecode.swift; path = TodayWidgetTimelineProvider.swift; sourceTree = "<group>"; };
		3B7ECF172ABF334800EBCF36 /* TodayWidgetView.swift */ = {isa = PBXFileReference; lastKnownFileType = sourcecode.swift; path = TodayWidgetView.swift; sourceTree = "<group>"; };
		3B7ECF192ABF383F00EBCF36 /* TodayWidget.swift */ = {isa = PBXFileReference; lastKnownFileType = sourcecode.swift; path = TodayWidget.swift; sourceTree = "<group>"; };
/* End PBXFileReference section */

/* Begin PBXFrameworksBuildPhase section */
		3B7ECEDB2ABC2CA300EBCF36 /* Frameworks */ = {
			isa = PBXFrameworksBuildPhase;
			buildActionMask = 2147483647;
			files = (
			);
			runOnlyForDeploymentPostprocessing = 0;
		};
		3B7ECEF02ABC2D5400EBCF36 /* Frameworks */ = {
			isa = PBXFrameworksBuildPhase;
			buildActionMask = 2147483647;
			files = (
				3B7ECEF82ABC2D5400EBCF36 /* SwiftUI.framework in Frameworks */,
				3B7ECEF62ABC2D5400EBCF36 /* WidgetKit.framework in Frameworks */,
			);
			runOnlyForDeploymentPostprocessing = 0;
		};
/* End PBXFrameworksBuildPhase section */

/* Begin PBXGroup section */
		3B7ECED52ABC2CA300EBCF36 = {
			isa = PBXGroup;
			children = (
				3B7ECEE02ABC2CA300EBCF36 /* WidjetTestProject */,
				3B7ECEF92ABC2D5400EBCF36 /* SampleWidjet */,
				3B7ECF092ABD8EAF00EBCF36 /* HelloStaticWidjet */,
				3B7ECF122ABDD93600EBCF36 /* TodayWidget */,
				3B7ECEF42ABC2D5400EBCF36 /* Frameworks */,
				3B7ECEDF2ABC2CA300EBCF36 /* Products */,
			);
			sourceTree = "<group>";
		};
		3B7ECEDF2ABC2CA300EBCF36 /* Products */ = {
			isa = PBXGroup;
			children = (
				3B7ECEDE2ABC2CA300EBCF36 /* WidjetTestProject.app */,
				3B7ECEF32ABC2D5400EBCF36 /* SampleWidjetExtension.appex */,
			);
			name = Products;
			sourceTree = "<group>";
		};
		3B7ECEE02ABC2CA300EBCF36 /* WidjetTestProject */ = {
			isa = PBXGroup;
			children = (
				3B7ECEE12ABC2CA300EBCF36 /* WidjetTestProjectApp.swift */,
				3B7ECEE32ABC2CA300EBCF36 /* ContentView.swift */,
				3B7ECEE52ABC2CA400EBCF36 /* Assets.xcassets */,
				3B7ECEE72ABC2CA400EBCF36 /* Preview Content */,
			);
			path = WidjetTestProject;
			sourceTree = "<group>";
		};
		3B7ECEE72ABC2CA400EBCF36 /* Preview Content */ = {
			isa = PBXGroup;
			children = (
				3B7ECEE82ABC2CA400EBCF36 /* Preview Assets.xcassets */,
			);
			path = "Preview Content";
			sourceTree = "<group>";
		};
		3B7ECEF42ABC2D5400EBCF36 /* Frameworks */ = {
			isa = PBXGroup;
			children = (
				3B7ECEF52ABC2D5400EBCF36 /* WidgetKit.framework */,
				3B7ECEF72ABC2D5400EBCF36 /* SwiftUI.framework */,
			);
			name = Frameworks;
			sourceTree = "<group>";
		};
		3B7ECEF92ABC2D5400EBCF36 /* SampleWidjet */ = {
			isa = PBXGroup;
			children = (
				3B7ECEFA2ABC2D5400EBCF36 /* SampleWidjetBundle.swift */,
				3B7ECEFC2ABC2D5400EBCF36 /* SampleWidjet.swift */,
				3B7ECEFE2ABC2D5600EBCF36 /* Assets.xcassets */,
				3B7ECF002ABC2D5600EBCF36 /* Info.plist */,
			);
			path = SampleWidjet;
			sourceTree = "<group>";
		};
		3B7ECF092ABD8EAF00EBCF36 /* HelloStaticWidjet */ = {
			isa = PBXGroup;
			children = (
				3B7ECF0A2ABD8FF300EBCF36 /* HelloWidjetEntry.swift */,
				3B7ECF0C2ABD917600EBCF36 /* HelloWidjetView.swift */,
				3B7ECF0E2ABD941600EBCF36 /* HelloWidjetTimelineProvider.swift */,
				3B7ECF102ABDA83E00EBCF36 /* HelloStaticWidget.swift */,
			);
			path = HelloStaticWidjet;
			sourceTree = "<group>";
		};
		3B7ECF122ABDD93600EBCF36 /* TodayWidget */ = {
			isa = PBXGroup;
			children = (
				3B7ECF132ABDDEF100EBCF36 /* TodayWidgetEntry.swift */,
				3B7ECF152ABDF1BB00EBCF36 /* TodayWidgetTimelineProvider.swift */,
				3B7ECF172ABF334800EBCF36 /* TodayWidgetView.swift */,
				3B7ECF192ABF383F00EBCF36 /* TodayWidget.swift */,
			);
			path = TodayWidget;
			sourceTree = "<group>";
		};
/* End PBXGroup section */

/* Begin PBXNativeTarget section */
		3B7ECEDD2ABC2CA300EBCF36 /* WidjetTestProject */ = {
			isa = PBXNativeTarget;
			buildConfigurationList = 3B7ECEEC2ABC2CA400EBCF36 /* Build configuration list for PBXNativeTarget "WidjetTestProject" */;
			buildPhases = (
				3B7ECEDA2ABC2CA300EBCF36 /* Sources */,
				3B7ECEDB2ABC2CA300EBCF36 /* Frameworks */,
				3B7ECEDC2ABC2CA300EBCF36 /* Resources */,
				3B7ECF072ABC2D5600EBCF36 /* Embed Foundation Extensions */,
			);
			buildRules = (
			);
			dependencies = (
				3B7ECF022ABC2D5600EBCF36 /* PBXTargetDependency */,
			);
			name = WidjetTestProject;
			productName = WidjetTestProject;
			productReference = 3B7ECEDE2ABC2CA300EBCF36 /* WidjetTestProject.app */;
			productType = "com.apple.product-type.application";
		};
		3B7ECEF22ABC2D5400EBCF36 /* SampleWidjetExtension */ = {
			isa = PBXNativeTarget;
			buildConfigurationList = 3B7ECF042ABC2D5600EBCF36 /* Build configuration list for PBXNativeTarget "SampleWidjetExtension" */;
			buildPhases = (
				3B7ECEEF2ABC2D5400EBCF36 /* Sources */,
				3B7ECEF02ABC2D5400EBCF36 /* Frameworks */,
				3B7ECEF12ABC2D5400EBCF36 /* Resources */,
			);
			buildRules = (
			);
			dependencies = (
			);
			name = SampleWidjetExtension;
			productName = SampleWidjetExtension;
			productReference = 3B7ECEF32ABC2D5400EBCF36 /* SampleWidjetExtension.appex */;
			productType = "com.apple.product-type.app-extension";
		};
/* End PBXNativeTarget section */

/* Begin PBXProject section */
		3B7ECED62ABC2CA300EBCF36 /* Project object */ = {
			isa = PBXProject;
			attributes = {
				BuildIndependentTargetsInParallel = 1;
				LastSwiftUpdateCheck = 1430;
				LastUpgradeCheck = 1430;
				TargetAttributes = {
					3B7ECEDD2ABC2CA300EBCF36 = {
						CreatedOnToolsVersion = 14.3;
					};
					3B7ECEF22ABC2D5400EBCF36 = {
						CreatedOnToolsVersion = 14.3;
					};
				};
			};
			buildConfigurationList = 3B7ECED92ABC2CA300EBCF36 /* Build configuration list for PBXProject "WidjetTestProject" */;
			compatibilityVersion = "Xcode 14.0";
			developmentRegion = en;
			hasScannedForEncodings = 0;
			knownRegions = (
				en,
				Base,
			);
			mainGroup = 3B7ECED52ABC2CA300EBCF36;
			productRefGroup = 3B7ECEDF2ABC2CA300EBCF36 /* Products */;
			projectDirPath = "";
			projectRoot = "";
			targets = (
				3B7ECEDD2ABC2CA300EBCF36 /* WidjetTestProject */,
				3B7ECEF22ABC2D5400EBCF36 /* SampleWidjetExtension */,
			);
		};
/* End PBXProject section */

/* Begin PBXResourcesBuildPhase section */
		3B7ECEDC2ABC2CA300EBCF36 /* Resources */ = {
			isa = PBXResourcesBuildPhase;
			buildActionMask = 2147483647;
			files = (
				3B7ECEE92ABC2CA400EBCF36 /* Preview Assets.xcassets in Resources */,
				3B7ECEE62ABC2CA400EBCF36 /* Assets.xcassets in Resources */,
			);
			runOnlyForDeploymentPostprocessing = 0;
		};
		3B7ECEF12ABC2D5400EBCF36 /* Resources */ = {
			isa = PBXResourcesBuildPhase;
			buildActionMask = 2147483647;
			files = (
				3B7ECEFF2ABC2D5600EBCF36 /* Assets.xcassets in Resources */,
			);
			runOnlyForDeploymentPostprocessing = 0;
		};
/* End PBXResourcesBuildPhase section */

/* Begin PBXSourcesBuildPhase section */
		3B7ECEDA2ABC2CA300EBCF36 /* Sources */ = {
			isa = PBXSourcesBuildPhase;
			buildActionMask = 2147483647;
			files = (
				3B7ECEE42ABC2CA300EBCF36 /* ContentView.swift in Sources */,
				3B7ECEE22ABC2CA300EBCF36 /* WidjetTestProjectApp.swift in Sources */,
			);
			runOnlyForDeploymentPostprocessing = 0;
		};
		3B7ECEEF2ABC2D5400EBCF36 /* Sources */ = {
			isa = PBXSourcesBuildPhase;
			buildActionMask = 2147483647;
			files = (
				3B7ECF182ABF334800EBCF36 /* TodayWidgetView.swift in Sources */,
				3B7ECF1A2ABF383F00EBCF36 /* TodayWidget.swift in Sources */,
				3B7ECF0B2ABD8FF400EBCF36 /* HelloWidjetEntry.swift in Sources */,
				3B7ECF162ABDF1BB00EBCF36 /* TodayWidgetTimelineProvider.swift in Sources */,
				3B7ECF142ABDDEF200EBCF36 /* TodayWidgetEntry.swift in Sources */,
				3B7ECF0F2ABD941600EBCF36 /* HelloWidjetTimelineProvider.swift in Sources */,
				3B7ECEFD2ABC2D5400EBCF36 /* SampleWidjet.swift in Sources */,
				3B7ECF0D2ABD917600EBCF36 /* HelloWidjetView.swift in Sources */,
				3B7ECF112ABDA83E00EBCF36 /* HelloStaticWidget.swift in Sources */,
				3B7ECEFB2ABC2D5400EBCF36 /* SampleWidjetBundle.swift in Sources */,
			);
			runOnlyForDeploymentPostprocessing = 0;
		};
/* End PBXSourcesBuildPhase section */

/* Begin PBXTargetDependency section */
		3B7ECF022ABC2D5600EBCF36 /* PBXTargetDependency */ = {
			isa = PBXTargetDependency;
			target = 3B7ECEF22ABC2D5400EBCF36 /* SampleWidjetExtension */;
			targetProxy = 3B7ECF012ABC2D5600EBCF36 /* PBXContainerItemProxy */;
		};
/* End PBXTargetDependency section */

/* Begin XCBuildConfiguration section */
		3B7ECEEA2ABC2CA400EBCF36 /* Debug */ = {
			isa = XCBuildConfiguration;
			buildSettings = {
				ALWAYS_SEARCH_USER_PATHS = NO;
				CLANG_ANALYZER_NONNULL = YES;
				CLANG_ANALYZER_NUMBER_OBJECT_CONVERSION = YES_AGGRESSIVE;
				CLANG_CXX_LANGUAGE_STANDARD = "gnu++20";
				CLANG_ENABLE_MODULES = YES;
				CLANG_ENABLE_OBJC_ARC = YES;
				CLANG_ENABLE_OBJC_WEAK = YES;
				CLANG_WARN_BLOCK_CAPTURE_AUTORELEASING = YES;
				CLANG_WARN_BOOL_CONVERSION = YES;
				CLANG_WARN_COMMA = YES;
				CLANG_WARN_CONSTANT_CONVERSION = YES;
				CLANG_WARN_DEPRECATED_OBJC_IMPLEMENTATIONS = YES;
				CLANG_WARN_DIRECT_OBJC_ISA_USAGE = YES_ERROR;
				CLANG_WARN_DOCUMENTATION_COMMENTS = YES;
				CLANG_WARN_EMPTY_BODY = YES;
				CLANG_WARN_ENUM_CONVERSION = YES;
				CLANG_WARN_INFINITE_RECURSION = YES;
				CLANG_WARN_INT_CONVERSION = YES;
				CLANG_WARN_NON_LITERAL_NULL_CONVERSION = YES;
				CLANG_WARN_OBJC_IMPLICIT_RETAIN_SELF = YES;
				CLANG_WARN_OBJC_LITERAL_CONVERSION = YES;
				CLANG_WARN_OBJC_ROOT_CLASS = YES_ERROR;
				CLANG_WARN_QUOTED_INCLUDE_IN_FRAMEWORK_HEADER = YES;
				CLANG_WARN_RANGE_LOOP_ANALYSIS = YES;
				CLANG_WARN_STRICT_PROTOTYPES = YES;
				CLANG_WARN_SUSPICIOUS_MOVE = YES;
				CLANG_WARN_UNGUARDED_AVAILABILITY = YES_AGGRESSIVE;
				CLANG_WARN_UNREACHABLE_CODE = YES;
				CLANG_WARN__DUPLICATE_METHOD_MATCH = YES;
				COPY_PHASE_STRIP = NO;
				DEBUG_INFORMATION_FORMAT = dwarf;
				ENABLE_STRICT_OBJC_MSGSEND = YES;
				ENABLE_TESTABILITY = YES;
				GCC_C_LANGUAGE_STANDARD = gnu11;
				GCC_DYNAMIC_NO_PIC = NO;
				GCC_NO_COMMON_BLOCKS = YES;
				GCC_OPTIMIZATION_LEVEL = 0;
				GCC_PREPROCESSOR_DEFINITIONS = (
					"DEBUG=1",
					"$(inherited)",
				);
				GCC_WARN_64_TO_32_BIT_CONVERSION = YES;
				GCC_WARN_ABOUT_RETURN_TYPE = YES_ERROR;
				GCC_WARN_UNDECLARED_SELECTOR = YES;
				GCC_WARN_UNINITIALIZED_AUTOS = YES_AGGRESSIVE;
				GCC_WARN_UNUSED_FUNCTION = YES;
				GCC_WARN_UNUSED_VARIABLE = YES;
				IPHONEOS_DEPLOYMENT_TARGET = 16.4;
				MTL_ENABLE_DEBUG_INFO = INCLUDE_SOURCE;
				MTL_FAST_MATH = YES;
				ONLY_ACTIVE_ARCH = YES;
				SDKROOT = iphoneos;
				SWIFT_ACTIVE_COMPILATION_CONDITIONS = DEBUG;
				SWIFT_OPTIMIZATION_LEVEL = "-Onone";
			};
			name = Debug;
		};
		3B7ECEEB2ABC2CA400EBCF36 /* Release */ = {
			isa = XCBuildConfiguration;
			buildSettings = {
				ALWAYS_SEARCH_USER_PATHS = NO;
				CLANG_ANALYZER_NONNULL = YES;
				CLANG_ANALYZER_NUMBER_OBJECT_CONVERSION = YES_AGGRESSIVE;
				CLANG_CXX_LANGUAGE_STANDARD = "gnu++20";
				CLANG_ENABLE_MODULES = YES;
				CLANG_ENABLE_OBJC_ARC = YES;
				CLANG_ENABLE_OBJC_WEAK = YES;
				CLANG_WARN_BLOCK_CAPTURE_AUTORELEASING = YES;
				CLANG_WARN_BOOL_CONVERSION = YES;
				CLANG_WARN_COMMA = YES;
				CLANG_WARN_CONSTANT_CONVERSION = YES;
				CLANG_WARN_DEPRECATED_OBJC_IMPLEMENTATIONS = YES;
				CLANG_WARN_DIRECT_OBJC_ISA_USAGE = YES_ERROR;
				CLANG_WARN_DOCUMENTATION_COMMENTS = YES;
				CLANG_WARN_EMPTY_BODY = YES;
				CLANG_WARN_ENUM_CONVERSION = YES;
				CLANG_WARN_INFINITE_RECURSION = YES;
				CLANG_WARN_INT_CONVERSION = YES;
				CLANG_WARN_NON_LITERAL_NULL_CONVERSION = YES;
				CLANG_WARN_OBJC_IMPLICIT_RETAIN_SELF = YES;
				CLANG_WARN_OBJC_LITERAL_CONVERSION = YES;
				CLANG_WARN_OBJC_ROOT_CLASS = YES_ERROR;
				CLANG_WARN_QUOTED_INCLUDE_IN_FRAMEWORK_HEADER = YES;
				CLANG_WARN_RANGE_LOOP_ANALYSIS = YES;
				CLANG_WARN_STRICT_PROTOTYPES = YES;
				CLANG_WARN_SUSPICIOUS_MOVE = YES;
				CLANG_WARN_UNGUARDED_AVAILABILITY = YES_AGGRESSIVE;
				CLANG_WARN_UNREACHABLE_CODE = YES;
				CLANG_WARN__DUPLICATE_METHOD_MATCH = YES;
				COPY_PHASE_STRIP = NO;
				DEBUG_INFORMATION_FORMAT = "dwarf-with-dsym";
				ENABLE_NS_ASSERTIONS = NO;
				ENABLE_STRICT_OBJC_MSGSEND = YES;
				GCC_C_LANGUAGE_STANDARD = gnu11;
				GCC_NO_COMMON_BLOCKS = YES;
				GCC_WARN_64_TO_32_BIT_CONVERSION = YES;
				GCC_WARN_ABOUT_RETURN_TYPE = YES_ERROR;
				GCC_WARN_UNDECLARED_SELECTOR = YES;
				GCC_WARN_UNINITIALIZED_AUTOS = YES_AGGRESSIVE;
				GCC_WARN_UNUSED_FUNCTION = YES;
				GCC_WARN_UNUSED_VARIABLE = YES;
				IPHONEOS_DEPLOYMENT_TARGET = 16.4;
				MTL_ENABLE_DEBUG_INFO = NO;
				MTL_FAST_MATH = YES;
				SDKROOT = iphoneos;
				SWIFT_COMPILATION_MODE = wholemodule;
				SWIFT_OPTIMIZATION_LEVEL = "-O";
				VALIDATE_PRODUCT = YES;
			};
			name = Release;
		};
		3B7ECEED2ABC2CA400EBCF36 /* Debug */ = {
			isa = XCBuildConfiguration;
			buildSettings = {
				ALWAYS_EMBED_SWIFT_STANDARD_LIBRARIES = YES;
				ASSETCATALOG_COMPILER_APPICON_NAME = AppIcon;
				ASSETCATALOG_COMPILER_GLOBAL_ACCENT_COLOR_NAME = AccentColor;
				CODE_SIGN_STYLE = Automatic;
				CURRENT_PROJECT_VERSION = 1;
				DEVELOPMENT_ASSET_PATHS = "\"WidjetTestProject/Preview Content\"";
				DEVELOPMENT_TEAM = 6CBTWMSXBM;
				ENABLE_PREVIEWS = YES;
				GENERATE_INFOPLIST_FILE = YES;
				INFOPLIST_KEY_UIApplicationSceneManifest_Generation = YES;
				INFOPLIST_KEY_UIApplicationSupportsIndirectInputEvents = YES;
				INFOPLIST_KEY_UILaunchScreen_Generation = YES;
				INFOPLIST_KEY_UISupportedInterfaceOrientations_iPad = "UIInterfaceOrientationPortrait UIInterfaceOrientationPortraitUpsideDown UIInterfaceOrientationLandscapeLeft UIInterfaceOrientationLandscapeRight";
				INFOPLIST_KEY_UISupportedInterfaceOrientations_iPhone = "UIInterfaceOrientationPortrait UIInterfaceOrientationLandscapeLeft UIInterfaceOrientationLandscapeRight";
				LD_RUNPATH_SEARCH_PATHS = (
					"$(inherited)",
					"@executable_path/Frameworks",
				);
				MARKETING_VERSION = 1.0;
				PRODUCT_BUNDLE_IDENTIFIER = amatnug.amatnug.WidjetTestProject;
				PRODUCT_NAME = "$(TARGET_NAME)";
				SWIFT_EMIT_LOC_STRINGS = YES;
				SWIFT_VERSION = 5.0;
				TARGETED_DEVICE_FAMILY = "1,2";
			};
			name = Debug;
		};
		3B7ECEEE2ABC2CA400EBCF36 /* Release */ = {
			isa = XCBuildConfiguration;
			buildSettings = {
				ALWAYS_EMBED_SWIFT_STANDARD_LIBRARIES = YES;
				ASSETCATALOG_COMPILER_APPICON_NAME = AppIcon;
				ASSETCATALOG_COMPILER_GLOBAL_ACCENT_COLOR_NAME = AccentColor;
				CODE_SIGN_STYLE = Automatic;
				CURRENT_PROJECT_VERSION = 1;
				DEVELOPMENT_ASSET_PATHS = "\"WidjetTestProject/Preview Content\"";
				DEVELOPMENT_TEAM = 6CBTWMSXBM;
				ENABLE_PREVIEWS = YES;
				GENERATE_INFOPLIST_FILE = YES;
				INFOPLIST_KEY_UIApplicationSceneManifest_Generation = YES;
				INFOPLIST_KEY_UIApplicationSupportsIndirectInputEvents = YES;
				INFOPLIST_KEY_UILaunchScreen_Generation = YES;
				INFOPLIST_KEY_UISupportedInterfaceOrientations_iPad = "UIInterfaceOrientationPortrait UIInterfaceOrientationPortraitUpsideDown UIInterfaceOrientationLandscapeLeft UIInterfaceOrientationLandscapeRight";
				INFOPLIST_KEY_UISupportedInterfaceOrientations_iPhone = "UIInterfaceOrientationPortrait UIInterfaceOrientationLandscapeLeft UIInterfaceOrientationLandscapeRight";
				LD_RUNPATH_SEARCH_PATHS = (
					"$(inherited)",
					"@executable_path/Frameworks",
				);
				MARKETING_VERSION = 1.0;
				PRODUCT_BUNDLE_IDENTIFIER = amatnug.amatnug.WidjetTestProject;
				PRODUCT_NAME = "$(TARGET_NAME)";
				SWIFT_EMIT_LOC_STRINGS = YES;
				SWIFT_VERSION = 5.0;
				TARGETED_DEVICE_FAMILY = "1,2";
			};
			name = Release;
		};
		3B7ECF052ABC2D5600EBCF36 /* Debug */ = {
			isa = XCBuildConfiguration;
			buildSettings = {
				ASSETCATALOG_COMPILER_GLOBAL_ACCENT_COLOR_NAME = AccentColor;
				ASSETCATALOG_COMPILER_WIDGET_BACKGROUND_COLOR_NAME = WidgetBackground;
				CODE_SIGN_STYLE = Automatic;
				CURRENT_PROJECT_VERSION = 1;
				DEVELOPMENT_TEAM = 6CBTWMSXBM;
				GENERATE_INFOPLIST_FILE = YES;
				INFOPLIST_FILE = SampleWidjet/Info.plist;
				INFOPLIST_KEY_CFBundleDisplayName = SampleWidjet;
				INFOPLIST_KEY_NSHumanReadableCopyright = "";
				LD_RUNPATH_SEARCH_PATHS = (
					"$(inherited)",
					"@executable_path/Frameworks",
					"@executable_path/../../Frameworks",
				);
				MARKETING_VERSION = 1.0;
				PRODUCT_BUNDLE_IDENTIFIER = amatnug.amatnug.WidjetTestProject.SampleWidjet;
				PRODUCT_NAME = "$(TARGET_NAME)";
				SKIP_INSTALL = YES;
				SWIFT_EMIT_LOC_STRINGS = YES;
				SWIFT_VERSION = 5.0;
				TARGETED_DEVICE_FAMILY = "1,2";
			};
			name = Debug;
		};
		3B7ECF062ABC2D5600EBCF36 /* Release */ = {
			isa = XCBuildConfiguration;
			buildSettings = {
				ASSETCATALOG_COMPILER_GLOBAL_ACCENT_COLOR_NAME = AccentColor;
				ASSETCATALOG_COMPILER_WIDGET_BACKGROUND_COLOR_NAME = WidgetBackground;
				CODE_SIGN_STYLE = Automatic;
				CURRENT_PROJECT_VERSION = 1;
				DEVELOPMENT_TEAM = 6CBTWMSXBM;
				GENERATE_INFOPLIST_FILE = YES;
				INFOPLIST_FILE = SampleWidjet/Info.plist;
				INFOPLIST_KEY_CFBundleDisplayName = SampleWidjet;
				INFOPLIST_KEY_NSHumanReadableCopyright = "";
				LD_RUNPATH_SEARCH_PATHS = (
					"$(inherited)",
					"@executable_path/Frameworks",
					"@executable_path/../../Frameworks",
				);
				MARKETING_VERSION = 1.0;
				PRODUCT_BUNDLE_IDENTIFIER = amatnug.amatnug.WidjetTestProject.SampleWidjet;
				PRODUCT_NAME = "$(TARGET_NAME)";
				SKIP_INSTALL = YES;
				SWIFT_EMIT_LOC_STRINGS = YES;
				SWIFT_VERSION = 5.0;
				TARGETED_DEVICE_FAMILY = "1,2";
			};
			name = Release;
		};
/* End XCBuildConfiguration section */

/* Begin XCConfigurationList section */
		3B7ECED92ABC2CA300EBCF36 /* Build configuration list for PBXProject "WidjetTestProject" */ = {
			isa = XCConfigurationList;
			buildConfigurations = (
				3B7ECEEA2ABC2CA400EBCF36 /* Debug */,
				3B7ECEEB2ABC2CA400EBCF36 /* Release */,
			);
			defaultConfigurationIsVisible = 0;
			defaultConfigurationName = Release;
		};
		3B7ECEEC2ABC2CA400EBCF36 /* Build configuration list for PBXNativeTarget "WidjetTestProject" */ = {
			isa = XCConfigurationList;
			buildConfigurations = (
				3B7ECEED2ABC2CA400EBCF36 /* Debug */,
				3B7ECEEE2ABC2CA400EBCF36 /* Release */,
			);
			defaultConfigurationIsVisible = 0;
			defaultConfigurationName = Release;
		};
		3B7ECF042ABC2D5600EBCF36 /* Build configuration list for PBXNativeTarget "SampleWidjetExtension" */ = {
			isa = XCConfigurationList;
			buildConfigurations = (
				3B7ECF052ABC2D5600EBCF36 /* Debug */,
				3B7ECF062ABC2D5600EBCF36 /* Release */,
			);
			defaultConfigurationIsVisible = 0;
			defaultConfigurationName = Release;
		};
/* End XCConfigurationList section */
	};
	rootObject = 3B7ECED62ABC2CA300EBCF36 /* Project object */;
}
